// !$*UTF8*$!
{
	archiveVersion = 1;
	classes = {
	};
	objectVersion = 56;
	objects = {

/* Begin PBXBuildFile section */
		473EE287290F97F60045A694 /* InputManager.swift in Sources */ = {isa = PBXBuildFile; fileRef = 473EE286290F97F60045A694 /* InputManager.swift */; };
		473EE289290FD0670045A694 /* User.swift in Sources */ = {isa = PBXBuildFile; fileRef = 473EE288290FD0670045A694 /* User.swift */; };
		47570AE1291127240011D15A /* MainPage.swift in Sources */ = {isa = PBXBuildFile; fileRef = 47570AE0291127240011D15A /* MainPage.swift */; };
		477806DA28FE855C00452F1E /* main.swift in Sources */ = {isa = PBXBuildFile; fileRef = 477806D928FE855C00452F1E /* main.swift */; };
		477806E928FFD27F00452F1E /* Accounts.swift in Sources */ = {isa = PBXBuildFile; fileRef = 477806E828FFD27F00452F1E /* Accounts.swift */; };
		477806ED28FFF48100452F1E /* TransactionServices.swift in Sources */ = {isa = PBXBuildFile; fileRef = 477806EC28FFF48100452F1E /* TransactionServices.swift */; };
		477806F028FFFAF600452F1E /* Transaction.swift in Sources */ = {isa = PBXBuildFile; fileRef = 477806EF28FFFAF600452F1E /* Transaction.swift */; };
		477806F2290110DD00452F1E /* BankDB.swift in Sources */ = {isa = PBXBuildFile; fileRef = 477806F1290110DD00452F1E /* BankDB.swift */; };
		477806F429013CBD00452F1E /* BankUtils.swift in Sources */ = {isa = PBXBuildFile; fileRef = 477806F329013CBD00452F1E /* BankUtils.swift */; };
		47D66D95290FFC65004F09D3 /* UserReg.swift in Sources */ = {isa = PBXBuildFile; fileRef = 47D66D94290FFC65004F09D3 /* UserReg.swift */; };
		47D66D972910EFE5004F09D3 /* LoginControl.swift in Sources */ = {isa = PBXBuildFile; fileRef = 47D66D962910EFE5004F09D3 /* LoginControl.swift */; };
		47F8D3772911168600D2062C /* UserServicesMenu.swift in Sources */ = {isa = PBXBuildFile; fileRef = 47F8D3762911168600D2062C /* UserServicesMenu.swift */; };
/* End PBXBuildFile section */

/* Begin PBXCopyFilesBuildPhase section */
		477806D428FE855C00452F1E /* CopyFiles */ = {
			isa = PBXCopyFilesBuildPhase;
			buildActionMask = 2147483647;
			dstPath = /usr/share/man/man1/;
			dstSubfolderSpec = 0;
			files = (
			);
			runOnlyForDeploymentPostprocessing = 1;
		};
/* End PBXCopyFilesBuildPhase section */

/* Begin PBXFileReference section */
		473EE286290F97F60045A694 /* InputManager.swift */ = {isa = PBXFileReference; lastKnownFileType = sourcecode.swift; path = InputManager.swift; sourceTree = "<group>"; };
		473EE288290FD0670045A694 /* User.swift */ = {isa = PBXFileReference; lastKnownFileType = sourcecode.swift; path = User.swift; sourceTree = "<group>"; };
		47570AE0291127240011D15A /* MainPage.swift */ = {isa = PBXFileReference; lastKnownFileType = sourcecode.swift; path = MainPage.swift; sourceTree = "<group>"; };
		477806D628FE855C00452F1E /* Banking */ = {isa = PBXFileReference; explicitFileType = "compiled.mach-o.executable"; includeInIndex = 0; path = Banking; sourceTree = BUILT_PRODUCTS_DIR; };
		477806D928FE855C00452F1E /* main.swift */ = {isa = PBXFileReference; lastKnownFileType = sourcecode.swift; path = main.swift; sourceTree = "<group>"; };
		477806E828FFD27F00452F1E /* Accounts.swift */ = {isa = PBXFileReference; lastKnownFileType = sourcecode.swift; path = Accounts.swift; sourceTree = "<group>"; };
		477806EC28FFF48100452F1E /* TransactionServices.swift */ = {isa = PBXFileReference; lastKnownFileType = sourcecode.swift; path = TransactionServices.swift; sourceTree = "<group>"; };
		477806EF28FFFAF600452F1E /* Transaction.swift */ = {isa = PBXFileReference; lastKnownFileType = sourcecode.swift; path = Transaction.swift; sourceTree = "<group>"; };
		477806F1290110DD00452F1E /* BankDB.swift */ = {isa = PBXFileReference; lastKnownFileType = sourcecode.swift; path = BankDB.swift; sourceTree = "<group>"; };
		477806F329013CBD00452F1E /* BankUtils.swift */ = {isa = PBXFileReference; lastKnownFileType = sourcecode.swift; path = BankUtils.swift; sourceTree = "<group>"; };
		4799E847291B7B4300B3A3B3 /* bankDB.json */ = {isa = PBXFileReference; lastKnownFileType = text.json; path = bankDB.json; sourceTree = "<group>"; };
		47D66D94290FFC65004F09D3 /* UserReg.swift */ = {isa = PBXFileReference; lastKnownFileType = sourcecode.swift; path = UserReg.swift; sourceTree = "<group>"; };
		47D66D962910EFE5004F09D3 /* LoginControl.swift */ = {isa = PBXFileReference; lastKnownFileType = sourcecode.swift; path = LoginControl.swift; sourceTree = "<group>"; };
		47F8D3762911168600D2062C /* UserServicesMenu.swift */ = {isa = PBXFileReference; lastKnownFileType = sourcecode.swift; path = UserServicesMenu.swift; sourceTree = "<group>"; };
/* End PBXFileReference section */

/* Begin PBXFrameworksBuildPhase section */
		477806D328FE855C00452F1E /* Frameworks */ = {
			isa = PBXFrameworksBuildPhase;
			buildActionMask = 2147483647;
			files = (
			);
			runOnlyForDeploymentPostprocessing = 0;
		};
/* End PBXFrameworksBuildPhase section */

/* Begin PBXGroup section */
		477806CD28FE855C00452F1E = {
			isa = PBXGroup;
			children = (
				4799E847291B7B4300B3A3B3 /* bankDB.json */,
				47570AE0291127240011D15A /* MainPage.swift */,
				47F8D3762911168600D2062C /* UserServicesMenu.swift */,
				47D66D962910EFE5004F09D3 /* LoginControl.swift */,
				47D66D94290FFC65004F09D3 /* UserReg.swift */,
				477806E828FFD27F00452F1E /* Accounts.swift */,
				473EE288290FD0670045A694 /* User.swift */,
				477806EF28FFFAF600452F1E /* Transaction.swift */,
				477806EC28FFF48100452F1E /* TransactionServices.swift */,
				477806F1290110DD00452F1E /* BankDB.swift */,
				473EE286290F97F60045A694 /* InputManager.swift */,
				477806F329013CBD00452F1E /* BankUtils.swift */,
				477806D928FE855C00452F1E /* main.swift */,
				477806D728FE855C00452F1E /* Products */,
			);
			sourceTree = "<group>";
		};
		477806D728FE855C00452F1E /* Products */ = {
			isa = PBXGroup;
			children = (
				477806D628FE855C00452F1E /* Banking */,
			);
			name = Products;
			sourceTree = "<group>";
		};
/* End PBXGroup section */

/* Begin PBXNativeTarget section */
		477806D528FE855C00452F1E /* Banking */ = {
			isa = PBXNativeTarget;
			buildConfigurationList = 477806DD28FE855C00452F1E /* Build configuration list for PBXNativeTarget "Banking" */;
			buildPhases = (
				477806D228FE855C00452F1E /* Sources */,
				477806D328FE855C00452F1E /* Frameworks */,
				477806D428FE855C00452F1E /* CopyFiles */,
			);
			buildRules = (
			);
			dependencies = (
			);
			name = Banking;
			productName = Banking;
			productReference = 477806D628FE855C00452F1E /* Banking */;
			productType = "com.apple.product-type.tool";
		};
/* End PBXNativeTarget section */

/* Begin PBXProject section */
		477806CE28FE855C00452F1E /* Project object */ = {
			isa = PBXProject;
			attributes = {
				BuildIndependentTargetsInParallel = 1;
				LastSwiftUpdateCheck = 1400;
				LastUpgradeCheck = 1400;
				TargetAttributes = {
					477806D528FE855C00452F1E = {
						CreatedOnToolsVersion = 14.0;
					};
				};
			};
			buildConfigurationList = 477806D128FE855C00452F1E /* Build configuration list for PBXProject "Banking" */;
			compatibilityVersion = "Xcode 14.0";
			developmentRegion = en;
			hasScannedForEncodings = 0;
			knownRegions = (
				en,
				Base,
			);
			mainGroup = 477806CD28FE855C00452F1E;
			productRefGroup = 477806D728FE855C00452F1E /* Products */;
			projectDirPath = "";
			projectRoot = "";
			targets = (
				477806D528FE855C00452F1E /* Banking */,
			);
		};
/* End PBXProject section */

/* Begin PBXSourcesBuildPhase section */
		477806D228FE855C00452F1E /* Sources */ = {
			isa = PBXSourcesBuildPhase;
			buildActionMask = 2147483647;
			files = (
				473EE287290F97F60045A694 /* InputManager.swift in Sources */,
				47F8D3772911168600D2062C /* UserServicesMenu.swift in Sources */,
				47D66D95290FFC65004F09D3 /* UserReg.swift in Sources */,
				477806ED28FFF48100452F1E /* TransactionServices.swift in Sources */,
				477806F2290110DD00452F1E /* BankDB.swift in Sources */,
				477806DA28FE855C00452F1E /* main.swift in Sources */,
				473EE289290FD0670045A694 /* User.swift in Sources */,
				477806E928FFD27F00452F1E /* Accounts.swift in Sources */,
				47D66D972910EFE5004F09D3 /* LoginControl.swift in Sources */,
				477806F028FFFAF600452F1E /* Transaction.swift in Sources */,
				477806F429013CBD00452F1E /* BankUtils.swift in Sources */,
				47570AE1291127240011D15A /* MainPage.swift in Sources */,
			);
			runOnlyForDeploymentPostprocessing = 0;
		};
/* End PBXSourcesBuildPhase section */

/* Begin XCBuildConfiguration section */
		477806DB28FE855C00452F1E /* Debug */ = {
			isa = XCBuildConfiguration;
			buildSettings = {
				ALWAYS_SEARCH_USER_PATHS = NO;
				CLANG_ANALYZER_NONNULL = YES;
				CLANG_ANALYZER_NUMBER_OBJECT_CONVERSION = YES_AGGRESSIVE;
				CLANG_CXX_LANGUAGE_STANDARD = "gnu++20";
				CLANG_ENABLE_MODULES = YES;
				CLANG_ENABLE_OBJC_ARC = YES;
				CLANG_ENABLE_OBJC_WEAK = YES;
				CLANG_WARN_BLOCK_CAPTURE_AUTORELEASING = YES;
				CLANG_WARN_BOOL_CONVERSION = YES;
				CLANG_WARN_COMMA = YES;
				CLANG_WARN_CONSTANT_CONVERSION = YES;
				CLANG_WARN_DEPRECATED_OBJC_IMPLEMENTATIONS = YES;
				CLANG_WARN_DIRECT_OBJC_ISA_USAGE = YES_ERROR;
				CLANG_WARN_DOCUMENTATION_COMMENTS = YES;
				CLANG_WARN_EMPTY_BODY = YES;
				CLANG_WARN_ENUM_CONVERSION = YES;
				CLANG_WARN_INFINITE_RECURSION = YES;
				CLANG_WARN_INT_CONVERSION = YES;
				CLANG_WARN_NON_LITERAL_NULL_CONVERSION = YES;
				CLANG_WARN_OBJC_IMPLICIT_RETAIN_SELF = YES;
				CLANG_WARN_OBJC_LITERAL_CONVERSION = YES;
				CLANG_WARN_OBJC_ROOT_CLASS = YES_ERROR;
				CLANG_WARN_QUOTED_INCLUDE_IN_FRAMEWORK_HEADER = YES;
				CLANG_WARN_RANGE_LOOP_ANALYSIS = YES;
				CLANG_WARN_STRICT_PROTOTYPES = YES;
				CLANG_WARN_SUSPICIOUS_MOVE = YES;
				CLANG_WARN_UNGUARDED_AVAILABILITY = YES_AGGRESSIVE;
				CLANG_WARN_UNREACHABLE_CODE = YES;
				CLANG_WARN__DUPLICATE_METHOD_MATCH = YES;
				COPY_PHASE_STRIP = NO;
				DEBUG_INFORMATION_FORMAT = dwarf;
				ENABLE_STRICT_OBJC_MSGSEND = YES;
				ENABLE_TESTABILITY = YES;
				GCC_C_LANGUAGE_STANDARD = gnu11;
				GCC_DYNAMIC_NO_PIC = NO;
				GCC_NO_COMMON_BLOCKS = YES;
				GCC_OPTIMIZATION_LEVEL = 0;
				GCC_PREPROCESSOR_DEFINITIONS = (
					"DEBUG=1",
					"$(inherited)",
				);
				GCC_WARN_64_TO_32_BIT_CONVERSION = YES;
				GCC_WARN_ABOUT_RETURN_TYPE = YES_ERROR;
				GCC_WARN_UNDECLARED_SELECTOR = YES;
				GCC_WARN_UNINITIALIZED_AUTOS = YES_AGGRESSIVE;
				GCC_WARN_UNUSED_FUNCTION = YES;
				GCC_WARN_UNUSED_VARIABLE = YES;
				MACOSX_DEPLOYMENT_TARGET = 12.3;
				MTL_ENABLE_DEBUG_INFO = INCLUDE_SOURCE;
				MTL_FAST_MATH = YES;
				ONLY_ACTIVE_ARCH = YES;
				SDKROOT = macosx;
				SWIFT_ACTIVE_COMPILATION_CONDITIONS = DEBUG;
				SWIFT_OPTIMIZATION_LEVEL = "-Onone";
			};
			name = Debug;
		};
		477806DC28FE855C00452F1E /* Release */ = {
			isa = XCBuildConfiguration;
			buildSettings = {
				ALWAYS_SEARCH_USER_PATHS = NO;
				CLANG_ANALYZER_NONNULL = YES;
				CLANG_ANALYZER_NUMBER_OBJECT_CONVERSION = YES_AGGRESSIVE;
				CLANG_CXX_LANGUAGE_STANDARD = "gnu++20";
				CLANG_ENABLE_MODULES = YES;
				CLANG_ENABLE_OBJC_ARC = YES;
				CLANG_ENABLE_OBJC_WEAK = YES;
				CLANG_WARN_BLOCK_CAPTURE_AUTORELEASING = YES;
				CLANG_WARN_BOOL_CONVERSION = YES;
				CLANG_WARN_COMMA = YES;
				CLANG_WARN_CONSTANT_CONVERSION = YES;
				CLANG_WARN_DEPRECATED_OBJC_IMPLEMENTATIONS = YES;
				CLANG_WARN_DIRECT_OBJC_ISA_USAGE = YES_ERROR;
				CLANG_WARN_DOCUMENTATION_COMMENTS = YES;
				CLANG_WARN_EMPTY_BODY = YES;
				CLANG_WARN_ENUM_CONVERSION = YES;
				CLANG_WARN_INFINITE_RECURSION = YES;
				CLANG_WARN_INT_CONVERSION = YES;
				CLANG_WARN_NON_LITERAL_NULL_CONVERSION = YES;
				CLANG_WARN_OBJC_IMPLICIT_RETAIN_SELF = YES;
				CLANG_WARN_OBJC_LITERAL_CONVERSION = YES;
				CLANG_WARN_OBJC_ROOT_CLASS = YES_ERROR;
				CLANG_WARN_QUOTED_INCLUDE_IN_FRAMEWORK_HEADER = YES;
				CLANG_WARN_RANGE_LOOP_ANALYSIS = YES;
				CLANG_WARN_STRICT_PROTOTYPES = YES;
				CLANG_WARN_SUSPICIOUS_MOVE = YES;
				CLANG_WARN_UNGUARDED_AVAILABILITY = YES_AGGRESSIVE;
				CLANG_WARN_UNREACHABLE_CODE = YES;
				CLANG_WARN__DUPLICATE_METHOD_MATCH = YES;
				COPY_PHASE_STRIP = NO;
				DEBUG_INFORMATION_FORMAT = "dwarf-with-dsym";
				ENABLE_NS_ASSERTIONS = NO;
				ENABLE_STRICT_OBJC_MSGSEND = YES;
				GCC_C_LANGUAGE_STANDARD = gnu11;
				GCC_NO_COMMON_BLOCKS = YES;
				GCC_WARN_64_TO_32_BIT_CONVERSION = YES;
				GCC_WARN_ABOUT_RETURN_TYPE = YES_ERROR;
				GCC_WARN_UNDECLARED_SELECTOR = YES;
				GCC_WARN_UNINITIALIZED_AUTOS = YES_AGGRESSIVE;
				GCC_WARN_UNUSED_FUNCTION = YES;
				GCC_WARN_UNUSED_VARIABLE = YES;
				MACOSX_DEPLOYMENT_TARGET = 12.3;
				MTL_ENABLE_DEBUG_INFO = NO;
				MTL_FAST_MATH = YES;
				SDKROOT = macosx;
				SWIFT_COMPILATION_MODE = wholemodule;
				SWIFT_OPTIMIZATION_LEVEL = "-O";
			};
			name = Release;
		};
		477806DE28FE855C00452F1E /* Debug */ = {
			isa = XCBuildConfiguration;
			buildSettings = {
				CODE_SIGN_STYLE = Automatic;
				PRODUCT_NAME = "$(TARGET_NAME)";
				SWIFT_VERSION = 5.0;
			};
			name = Debug;
		};
		477806DF28FE855C00452F1E /* Release */ = {
			isa = XCBuildConfiguration;
			buildSettings = {
				CODE_SIGN_STYLE = Automatic;
				PRODUCT_NAME = "$(TARGET_NAME)";
				SWIFT_VERSION = 5.0;
			};
			name = Release;
		};
/* End XCBuildConfiguration section */

/* Begin XCConfigurationList section */
		477806D128FE855C00452F1E /* Build configuration list for PBXProject "Banking" */ = {
			isa = XCConfigurationList;
			buildConfigurations = (
				477806DB28FE855C00452F1E /* Debug */,
				477806DC28FE855C00452F1E /* Release */,
			);
			defaultConfigurationIsVisible = 0;
			defaultConfigurationName = Release;
		};
		477806DD28FE855C00452F1E /* Build configuration list for PBXNativeTarget "Banking" */ = {
			isa = XCConfigurationList;
			buildConfigurations = (
				477806DE28FE855C00452F1E /* Debug */,
				477806DF28FE855C00452F1E /* Release */,
			);
			defaultConfigurationIsVisible = 0;
			defaultConfigurationName = Release;
		};
/* End XCConfigurationList section */
	};
	rootObject = 477806CE28FE855C00452F1E /* Project object */;
}
